{
    "_readme": [
        "This file locks the dependencies of your project to a known state",
        "Read more about it at https://getcomposer.org/doc/01-basic-usage.md#composer-lock-the-lock-file",
        "This file is @generated automatically"
    ],
    "hash": "5ca6adb1d15ce146df407d1ca95b9dd5",
    "content-hash": "a59cb6dca3a9740d4abe24f659adbc9a",
    "packages": [
        {
            "name": "shampeak/db",
            "version": "dev-master",
            "source": {
                "type": "git",
                "url": "https://github.com/shampeak/db.git",
                "reference": "12e327395a440699e62ccfd4bddb8721c03d2393"
            },
            "dist": {
                "type": "zip",
                "url": "https://api.github.com/repos/shampeak/db/zipball/12e327395a440699e62ccfd4bddb8721c03d2393",
                "reference": "12e327395a440699e62ccfd4bddb8721c03d2393",
                "shasum": ""
            },
            "require": {
                "php": ">=5.4.9",
                "shampeak/wise": "dev-master"
            },
            "type": "library",
            "autoload": {
                "psr-4": {
                    "Sham\\Db\\": "src"
                }
            },
            "notification-url": "https://packagist.org/downloads/",
            "license": [
                "MIT"
            ],
            "authors": [
                {
                    "name": "shampeak",
                    "email": "shampeak@sina.com.cn"
                }
            ],
            "description": "dev",
            "time": "2015-11-16 09:34:15"
        },
        {
            "name": "shampeak/wise",
            "version": "dev-master",
            "source": {
                "type": "git",
                "url": "https://github.com/shampeak/wise.git",
                "reference": "a51481efbc411c0c3df926a27085e9cb4d9b6cc3"
            },
            "dist": {
                "type": "zip",
                "url": "https://api.github.com/repos/shampeak/wise/zipball/a51481efbc411c0c3df926a27085e9cb4d9b6cc3",
                "reference": "a51481efbc411c0c3df926a27085e9cb4d9b6cc3",
                "shasum": ""
            },
            "require": {
                "php": ">=5.4.9"
            },
            "type": "library",
            "autoload": {
                "psr-4": {
                    "Sham\\Wise\\": "src"
                }
            },
            "notification-url": "https://packagist.org/downloads/",
            "license": [
                "MIT"
            ],
            "authors": [
                {
                    "name": "shampeak",
                    "email": "shampeak@sina.com.cn"
                }
            ],
            "description": "dev",
            "time": "2015-11-10 07:07:25"
        }
    ],
    "packages-dev": [],
    "aliases": [],
    "minimum-stability": "stable",
    "stability-flags": {
        "shampeak/wise": 20,
        "shampeak/db": 20
    },
    "prefer-stable": false,
    "prefer-lowest": false,
    "platform": {
        "php": ">=5.5.9"
    },
    "platform-dev": []
}
